
Microsoft Visual Studio Solution File, Format Version 12.00
# Visual Studio Version 17
VisualStudioVersion = 17.3.32811.315
MinimumVisualStudioVersion = 10.0.40219.1
Project("{FAE04EC0-301F-11D3-BF4B-00C04F79EFBC}") = "API", "API\API.csproj", "{3B134B80-B179-4214-81A0-88EF165141FC}"
EndProject
Project("{FAE04EC0-301F-11D3-BF4B-00C04F79EFBC}") = "DataAccess", "DAL\DataAccess.csproj", "{D5DEFBA6-7D25-4B95-A4A6-00CE0ABDE92E}"
EndProject
Project("{FAE04EC0-301F-11D3-BF4B-00C04F79EFBC}") = "Business", "Business\Business.csproj", "{174D70BA-F6D9-4F81-BDB5-1EF8D944D1B8}"
EndProject
Project("{FAE04EC0-301F-11D3-BF4B-00C04F79EFBC}") = "Entities", "Entities\Entities.csproj", "{49626FAB-60E8-4C42-821A-E590120B9D34}"
EndProject
Global
	GlobalSection(SolutionConfigurationPlatforms) = preSolution
		Debug|Any CPU = Debug|Any CPU
		Release|Any CPU = Release|Any CPU
	EndGlobalSection
	GlobalSection(ProjectConfigurationPlatforms) = postSolution
		{3B134B80-B179-4214-81A0-88EF165141FC}.Debug|Any CPU.ActiveCfg = Debug|Any CPU
		{3B134B80-B179-4214-81A0-88EF165141FC}.Debug|Any CPU.Build.0 = Debug|Any CPU
		{3B134B80-B179-4214-81A0-88EF165141FC}.Release|Any CPU.ActiveCfg = Release|Any CPU
		{3B134B80-B179-4214-81A0-88EF165141FC}.Release|Any CPU.Build.0 = Release|Any CPU
		{D5DEFBA6-7D25-4B95-A4A6-00CE0ABDE92E}.Debug|Any CPU.ActiveCfg = Debug|Any CPU
		{D5DEFBA6-7D25-4B95-A4A6-00CE0ABDE92E}.Debug|Any CPU.Build.0 = Debug|Any CPU
		{D5DEFBA6-7D25-4B95-A4A6-00CE0ABDE92E}.Release|Any CPU.ActiveCfg = Release|Any CPU
		{D5DEFBA6-7D25-4B95-A4A6-00CE0ABDE92E}.Release|Any CPU.Build.0 = Release|Any CPU
		{174D70BA-F6D9-4F81-BDB5-1EF8D944D1B8}.Debug|Any CPU.ActiveCfg = Debug|Any CPU
		{174D70BA-F6D9-4F81-BDB5-1EF8D944D1B8}.Debug|Any CPU.Build.0 = Debug|Any CPU
		{174D70BA-F6D9-4F81-BDB5-1EF8D944D1B8}.Release|Any CPU.ActiveCfg = Release|Any CPU
		{174D70BA-F6D9-4F81-BDB5-1EF8D944D1B8}.Release|Any CPU.Build.0 = Release|Any CPU
		{49626FAB-60E8-4C42-821A-E590120B9D34}.Debug|Any CPU.ActiveCfg = Debug|Any CPU
		{49626FAB-60E8-4C42-821A-E590120B9D34}.Debug|Any CPU.Build.0 = Debug|Any CPU
		{49626FAB-60E8-4C42-821A-E590120B9D34}.Release|Any CPU.ActiveCfg = Release|Any CPU
		{49626FAB-60E8-4C42-821A-E590120B9D34}.Release|Any CPU.Build.0 = Release|Any CPU
	EndGlobalSection
	GlobalSection(SolutionProperties) = preSolution
		HideSolutionNode = FALSE
	EndGlobalSection
	GlobalSection(ExtensibilityGlobals) = postSolution
		SolutionGuid = {34E4FCA5-A350-4D98-961A-BCC72BE6F205}
	EndGlobalSection
EndGlobal
